// !$*UTF8*$!
{
	archiveVersion = 1;
	classes = {
	};
	objectVersion = 50;
	objects = {

/* Begin PBXBuildFile section */
		8534FACA209B8BE100A4B337 /* TabPageViewController.swift in Sources */ = {isa = PBXBuildFile; fileRef = 8534FAC9209B8BE100A4B337 /* TabPageViewController.swift */; };
		8534FAEB20A0777800A4B337 /* RxCocoa.framework in Frameworks */ = {isa = PBXBuildFile; fileRef = 8534FAE920A0777800A4B337 /* RxCocoa.framework */; };
		8534FAEC20A0777800A4B337 /* RxSwift.framework in Frameworks */ = {isa = PBXBuildFile; fileRef = 8534FAEA20A0777800A4B337 /* RxSwift.framework */; };
		859E65532095AD19005591EF /* ViewController.swift in Sources */ = {isa = PBXBuildFile; fileRef = 859E654B2095AD19005591EF /* ViewController.swift */; };
		859E65542095AD19005591EF /* Assets.xcassets in Resources */ = {isa = PBXBuildFile; fileRef = 859E654C2095AD19005591EF /* Assets.xcassets */; };
		859E65552095AD19005591EF /* LaunchScreen.storyboard in Resources */ = {isa = PBXBuildFile; fileRef = 859E654D2095AD19005591EF /* LaunchScreen.storyboard */; };
		859E65572095AD19005591EF /* AppDelegate.swift in Sources */ = {isa = PBXBuildFile; fileRef = 859E65512095AD19005591EF /* AppDelegate.swift */; };
		85F05C45209A2803002C1C08 /* TabView.swift in Sources */ = {isa = PBXBuildFile; fileRef = 85F05C44209A2803002C1C08 /* TabView.swift */; };
		85F05C47209A2939002C1C08 /* TabPageOption.swift in Sources */ = {isa = PBXBuildFile; fileRef = 85F05C46209A2939002C1C08 /* TabPageOption.swift */; };
		85F05C49209B0B5C002C1C08 /* TabCollectionCell.swift in Sources */ = {isa = PBXBuildFile; fileRef = 85F05C48209B0B5C002C1C08 /* TabCollectionCell.swift */; };
		85F05C4B209B0EC5002C1C08 /* EasyPeasy.framework in Frameworks */ = {isa = PBXBuildFile; fileRef = 85F05C4A209B0EC5002C1C08 /* EasyPeasy.framework */; };
		AAB2C19114B0611DD9B98AE2 /* Pods_testPageViewController.framework in Frameworks */ = {isa = PBXBuildFile; fileRef = 4EB278CBEF97676940837A84 /* Pods_testPageViewController.framework */; };
/* End PBXBuildFile section */

/* Begin PBXFileReference section */
		4EB278CBEF97676940837A84 /* Pods_testPageViewController.framework */ = {isa = PBXFileReference; explicitFileType = wrapper.framework; includeInIndex = 0; path = Pods_testPageViewController.framework; sourceTree = BUILT_PRODUCTS_DIR; };
		8534FAC9209B8BE100A4B337 /* TabPageViewController.swift */ = {isa = PBXFileReference; lastKnownFileType = sourcecode.swift; path = TabPageViewController.swift; sourceTree = "<group>"; };
		8534FAE920A0777800A4B337 /* RxCocoa.framework */ = {isa = PBXFileReference; lastKnownFileType = wrapper.framework; name = RxCocoa.framework; path = Carthage/Build/iOS/RxCocoa.framework; sourceTree = "<group>"; };
		8534FAEA20A0777800A4B337 /* RxSwift.framework */ = {isa = PBXFileReference; lastKnownFileType = wrapper.framework; name = RxSwift.framework; path = Carthage/Build/iOS/RxSwift.framework; sourceTree = "<group>"; };
		859E65342094B395005591EF /* testPageViewController.app */ = {isa = PBXFileReference; explicitFileType = wrapper.application; includeInIndex = 0; path = testPageViewController.app; sourceTree = BUILT_PRODUCTS_DIR; };
		859E654B2095AD19005591EF /* ViewController.swift */ = {isa = PBXFileReference; fileEncoding = 4; lastKnownFileType = sourcecode.swift; path = ViewController.swift; sourceTree = "<group>"; };
		859E654C2095AD19005591EF /* Assets.xcassets */ = {isa = PBXFileReference; lastKnownFileType = folder.assetcatalog; path = Assets.xcassets; sourceTree = "<group>"; };
		859E654E2095AD19005591EF /* Base */ = {isa = PBXFileReference; lastKnownFileType = file.storyboard; name = Base; path = Base.lproj/LaunchScreen.storyboard; sourceTree = "<group>"; };
		859E65512095AD19005591EF /* AppDelegate.swift */ = {isa = PBXFileReference; fileEncoding = 4; lastKnownFileType = sourcecode.swift; path = AppDelegate.swift; sourceTree = "<group>"; };
		859E65522095AD19005591EF /* Info.plist */ = {isa = PBXFileReference; fileEncoding = 4; lastKnownFileType = text.plist.xml; path = Info.plist; sourceTree = "<group>"; };
		85F05C44209A2803002C1C08 /* TabView.swift */ = {isa = PBXFileReference; lastKnownFileType = sourcecode.swift; path = TabView.swift; sourceTree = "<group>"; };
		85F05C46209A2939002C1C08 /* TabPageOption.swift */ = {isa = PBXFileReference; lastKnownFileType = sourcecode.swift; path = TabPageOption.swift; sourceTree = "<group>"; };
		85F05C48209B0B5C002C1C08 /* TabCollectionCell.swift */ = {isa = PBXFileReference; lastKnownFileType = sourcecode.swift; path = TabCollectionCell.swift; sourceTree = "<group>"; };
		85F05C4A209B0EC5002C1C08 /* EasyPeasy.framework */ = {isa = PBXFileReference; lastKnownFileType = wrapper.framework; name = EasyPeasy.framework; path = Carthage/Build/iOS/EasyPeasy.framework; sourceTree = "<group>"; };
		B7FC1B4036A4758F4AE0C5A7 /* Pods-testPageViewController.release.xcconfig */ = {isa = PBXFileReference; includeInIndex = 1; lastKnownFileType = text.xcconfig; name = "Pods-testPageViewController.release.xcconfig"; path = "Pods/Target Support Files/Pods-testPageViewController/Pods-testPageViewController.release.xcconfig"; sourceTree = "<group>"; };
		EC3E554756684AC0E433D1C4 /* Pods-testPageViewController.debug.xcconfig */ = {isa = PBXFileReference; includeInIndex = 1; lastKnownFileType = text.xcconfig; name = "Pods-testPageViewController.debug.xcconfig"; path = "Pods/Target Support Files/Pods-testPageViewController/Pods-testPageViewController.debug.xcconfig"; sourceTree = "<group>"; };
/* End PBXFileReference section */

/* Begin PBXFrameworksBuildPhase section */
		859E65312094B395005591EF /* Frameworks */ = {
			isa = PBXFrameworksBuildPhase;
			buildActionMask = 2147483647;
			files = (
				8534FAEB20A0777800A4B337 /* RxCocoa.framework in Frameworks */,
				8534FAEC20A0777800A4B337 /* RxSwift.framework in Frameworks */,
				85F05C4B209B0EC5002C1C08 /* EasyPeasy.framework in Frameworks */,
				AAB2C19114B0611DD9B98AE2 /* Pods_testPageViewController.framework in Frameworks */,
			);
			runOnlyForDeploymentPostprocessing = 0;
		};
/* End PBXFrameworksBuildPhase section */

/* Begin PBXGroup section */
		086134055EF530DF6466B023 /* Frameworks */ = {
			isa = PBXGroup;
			children = (
				8534FAE920A0777800A4B337 /* RxCocoa.framework */,
				8534FAEA20A0777800A4B337 /* RxSwift.framework */,
				85F05C4A209B0EC5002C1C08 /* EasyPeasy.framework */,
				4EB278CBEF97676940837A84 /* Pods_testPageViewController.framework */,
			);
			name = Frameworks;
			sourceTree = "<group>";
		};
		859E652B2094B395005591EF = {
			isa = PBXGroup;
			children = (
				859E65492095AD19005591EF /* Soucese */,
				859E65352094B395005591EF /* Products */,
				ACE80751B1667CEA35C659EB /* Pods */,
				086134055EF530DF6466B023 /* Frameworks */,
			);
			sourceTree = "<group>";
		};
		859E65352094B395005591EF /* Products */ = {
			isa = PBXGroup;
			children = (
				859E65342094B395005591EF /* testPageViewController.app */,
			);
			name = Products;
			sourceTree = "<group>";
		};
		859E65492095AD19005591EF /* Soucese */ = {
			isa = PBXGroup;
			children = (
				85F05C43209A27F0002C1C08 /* TabView */,
				859E654A2095AD19005591EF /* testPageViewController */,
			);
			path = Soucese;
			sourceTree = "<group>";
		};
		859E654A2095AD19005591EF /* testPageViewController */ = {
			isa = PBXGroup;
			children = (
				859E654B2095AD19005591EF /* ViewController.swift */,
				859E654C2095AD19005591EF /* Assets.xcassets */,
				859E654D2095AD19005591EF /* LaunchScreen.storyboard */,
				859E65512095AD19005591EF /* AppDelegate.swift */,
				859E65522095AD19005591EF /* Info.plist */,
			);
			path = testPageViewController;
			sourceTree = "<group>";
		};
		85F05C43209A27F0002C1C08 /* TabView */ = {
			isa = PBXGroup;
			children = (
				85F05C44209A2803002C1C08 /* TabView.swift */,
				8534FAC9209B8BE100A4B337 /* TabPageViewController.swift */,
				85F05C48209B0B5C002C1C08 /* TabCollectionCell.swift */,
				85F05C46209A2939002C1C08 /* TabPageOption.swift */,
			);
			path = TabView;
			sourceTree = "<group>";
		};
		ACE80751B1667CEA35C659EB /* Pods */ = {
			isa = PBXGroup;
			children = (
				EC3E554756684AC0E433D1C4 /* Pods-testPageViewController.debug.xcconfig */,
				B7FC1B4036A4758F4AE0C5A7 /* Pods-testPageViewController.release.xcconfig */,
			);
			name = Pods;
			sourceTree = "<group>";
		};
/* End PBXGroup section */

/* Begin PBXNativeTarget section */
		859E65332094B395005591EF /* testPageViewController */ = {
			isa = PBXNativeTarget;
			buildConfigurationList = 859E65462094B398005591EF /* Build configuration list for PBXNativeTarget "testPageViewController" */;
			buildPhases = (
				4EADC345E046B0D4B911A27C /* [CP] Check Pods Manifest.lock */,
				859E65302094B395005591EF /* Sources */,
				859E65312094B395005591EF /* Frameworks */,
				859E65322094B395005591EF /* Resources */,
				65EF6583486713F71E055F81 /* [CP] Embed Pods Frameworks */,
				85F05C4C209B0ED2002C1C08 /* Install Carthage Script */,
			);
			buildRules = (
			);
			dependencies = (
			);
			name = testPageViewController;
			productName = testPageViewController;
			productReference = 859E65342094B395005591EF /* testPageViewController.app */;
			productType = "com.apple.product-type.application";
		};
/* End PBXNativeTarget section */

/* Begin PBXProject section */
		859E652C2094B395005591EF /* Project object */ = {
			isa = PBXProject;
			attributes = {
				LastSwiftUpdateCheck = 0930;
				LastUpgradeCheck = 0930;
				ORGANIZATIONNAME = "Shoichi Taguchi";
				TargetAttributes = {
					859E65332094B395005591EF = {
						CreatedOnToolsVersion = 9.3;
					};
				};
			};
			buildConfigurationList = 859E652F2094B395005591EF /* Build configuration list for PBXProject "testPageViewController" */;
			compatibilityVersion = "Xcode 9.3";
			developmentRegion = en;
			hasScannedForEncodings = 0;
			knownRegions = (
				en,
				Base,
			);
			mainGroup = 859E652B2094B395005591EF;
			productRefGroup = 859E65352094B395005591EF /* Products */;
			projectDirPath = "";
			projectRoot = "";
			targets = (
				859E65332094B395005591EF /* testPageViewController */,
			);
		};
/* End PBXProject section */

/* Begin PBXResourcesBuildPhase section */
		859E65322094B395005591EF /* Resources */ = {
			isa = PBXResourcesBuildPhase;
			buildActionMask = 2147483647;
			files = (
				859E65542095AD19005591EF /* Assets.xcassets in Resources */,
				859E65552095AD19005591EF /* LaunchScreen.storyboard in Resources */,
			);
			runOnlyForDeploymentPostprocessing = 0;
		};
/* End PBXResourcesBuildPhase section */

/* Begin PBXShellScriptBuildPhase section */
		4EADC345E046B0D4B911A27C /* [CP] Check Pods Manifest.lock */ = {
			isa = PBXShellScriptBuildPhase;
			buildActionMask = 2147483647;
			files = (
			);
			inputPaths = (
				"${PODS_PODFILE_DIR_PATH}/Podfile.lock",
				"${PODS_ROOT}/Manifest.lock",
			);
			name = "[CP] Check Pods Manifest.lock";
			outputPaths = (
				"$(DERIVED_FILE_DIR)/Pods-testPageViewController-checkManifestLockResult.txt",
			);
			runOnlyForDeploymentPostprocessing = 0;
			shellPath = /bin/sh;
			shellScript = "diff \"${PODS_PODFILE_DIR_PATH}/Podfile.lock\" \"${PODS_ROOT}/Manifest.lock\" > /dev/null\nif [ $? != 0 ] ; then\n    # print error to STDERR\n    echo \"error: The sandbox is not in sync with the Podfile.lock. Run 'pod install' or update your CocoaPods installation.\" >&2\n    exit 1\nfi\n# This output is used by Xcode 'outputs' to avoid re-running this script phase.\necho \"SUCCESS\" > \"${SCRIPT_OUTPUT_FILE_0}\"\n";
			showEnvVarsInLog = 0;
		};
		65EF6583486713F71E055F81 /* [CP] Embed Pods Frameworks */ = {
			isa = PBXShellScriptBuildPhase;
			buildActionMask = 2147483647;
			files = (
			);
			inputPaths = (
				"${SRCROOT}/Pods/Target Support Files/Pods-testPageViewController/Pods-testPageViewController-frameworks.sh",
				"${PODS_ROOT}/Reveal-SDK/RevealServer-14/iOS/RevealServer.framework",
			);
			name = "[CP] Embed Pods Frameworks";
			outputPaths = (
				"${TARGET_BUILD_DIR}/${FRAMEWORKS_FOLDER_PATH}/RevealServer.framework",
			);
			runOnlyForDeploymentPostprocessing = 0;
			shellPath = /bin/sh;
			shellScript = "\"${SRCROOT}/Pods/Target Support Files/Pods-testPageViewController/Pods-testPageViewController-frameworks.sh\"\n";
			showEnvVarsInLog = 0;
		};
		85F05C4C209B0ED2002C1C08 /* Install Carthage Script */ = {
			isa = PBXShellScriptBuildPhase;
			buildActionMask = 2147483647;
			files = (
			);
			inputPaths = (
				"$(SRCROOT)/Carthage/Build/iOS/EasyPeasy.framework",
				"$(SRCROOT)/Carthage/Build/iOS/RxCocoa.framework",
				"$(SRCROOT)/Carthage/Build/iOS/RxSwift.framework",
			);
			name = "Install Carthage Script";
			outputPaths = (
			);
			runOnlyForDeploymentPostprocessing = 0;
			shellPath = /bin/sh;
			shellScript = "/usr/local/bin/carthage copy-frameworks";
		};
/* End PBXShellScriptBuildPhase section */

/* Begin PBXSourcesBuildPhase section */
		859E65302094B395005591EF /* Sources */ = {
			isa = PBXSourcesBuildPhase;
			buildActionMask = 2147483647;
			files = (
				859E65572095AD19005591EF /* AppDelegate.swift in Sources */,
				85F05C45209A2803002C1C08 /* TabView.swift in Sources */,
				85F05C49209B0B5C002C1C08 /* TabCollectionCell.swift in Sources */,
				8534FACA209B8BE100A4B337 /* TabPageViewController.swift in Sources */,
				859E65532095AD19005591EF /* ViewController.swift in Sources */,
				85F05C47209A2939002C1C08 /* TabPageOption.swift in Sources */,
			);
			runOnlyForDeploymentPostprocessing = 0;
		};
/* End PBXSourcesBuildPhase section */

/* Begin PBXVariantGroup section */
		859E654D2095AD19005591EF /* LaunchScreen.storyboard */ = {
			isa = PBXVariantGroup;
			children = (
				859E654E2095AD19005591EF /* Base */,
			);
			name = LaunchScreen.storyboard;
			sourceTree = "<group>";
		};
/* End PBXVariantGroup section */

/* Begin XCBuildConfiguration section */
		859E65442094B398005591EF /* Debug */ = {
			isa = XCBuildConfiguration;
			buildSettings = {
				ALWAYS_SEARCH_USER_PATHS = NO;
				CLANG_ANALYZER_NONNULL = YES;
				CLANG_ANALYZER_NUMBER_OBJECT_CONVERSION = YES_AGGRESSIVE;
				CLANG_CXX_LANGUAGE_STANDARD = "gnu++14";
				CLANG_CXX_LIBRARY = "libc++";
				CLANG_ENABLE_MODULES = YES;
				CLANG_ENABLE_OBJC_ARC = YES;
				CLANG_ENABLE_OBJC_WEAK = YES;
				CLANG_WARN_BLOCK_CAPTURE_AUTORELEASING = YES;
				CLANG_WARN_BOOL_CONVERSION = YES;
				CLANG_WARN_COMMA = YES;
				CLANG_WARN_CONSTANT_CONVERSION = YES;
				CLANG_WARN_DEPRECATED_OBJC_IMPLEMENTATIONS = YES;
				CLANG_WARN_DIRECT_OBJC_ISA_USAGE = YES_ERROR;
				CLANG_WARN_DOCUMENTATION_COMMENTS = YES;
				CLANG_WARN_EMPTY_BODY = YES;
				CLANG_WARN_ENUM_CONVERSION = YES;
				CLANG_WARN_INFINITE_RECURSION = YES;
				CLANG_WARN_INT_CONVERSION = YES;
				CLANG_WARN_NON_LITERAL_NULL_CONVERSION = YES;
				CLANG_WARN_OBJC_IMPLICIT_RETAIN_SELF = YES;
				CLANG_WARN_OBJC_LITERAL_CONVERSION = YES;
				CLANG_WARN_OBJC_ROOT_CLASS = YES_ERROR;
				CLANG_WARN_RANGE_LOOP_ANALYSIS = YES;
				CLANG_WARN_STRICT_PROTOTYPES = YES;
				CLANG_WARN_SUSPICIOUS_MOVE = YES;
				CLANG_WARN_UNGUARDED_AVAILABILITY = YES_AGGRESSIVE;
				CLANG_WARN_UNREACHABLE_CODE = YES;
				CLANG_WARN__DUPLICATE_METHOD_MATCH = YES;
				CODE_SIGN_IDENTITY = "iPhone Developer";
				COPY_PHASE_STRIP = NO;
				DEBUG_INFORMATION_FORMAT = dwarf;
				ENABLE_STRICT_OBJC_MSGSEND = YES;
				ENABLE_TESTABILITY = YES;
				GCC_C_LANGUAGE_STANDARD = gnu11;
				GCC_DYNAMIC_NO_PIC = NO;
				GCC_NO_COMMON_BLOCKS = YES;
				GCC_OPTIMIZATION_LEVEL = 0;
				GCC_PREPROCESSOR_DEFINITIONS = (
					"DEBUG=1",
					"$(inherited)",
				);
				GCC_WARN_64_TO_32_BIT_CONVERSION = YES;
				GCC_WARN_ABOUT_RETURN_TYPE = YES_ERROR;
				GCC_WARN_UNDECLARED_SELECTOR = YES;
				GCC_WARN_UNINITIALIZED_AUTOS = YES_AGGRESSIVE;
				GCC_WARN_UNUSED_FUNCTION = YES;
				GCC_WARN_UNUSED_VARIABLE = YES;
				IPHONEOS_DEPLOYMENT_TARGET = 11.0;
				MTL_ENABLE_DEBUG_INFO = YES;
				ONLY_ACTIVE_ARCH = YES;
				SDKROOT = iphoneos;
				SWIFT_ACTIVE_COMPILATION_CONDITIONS = DEBUG;
				SWIFT_OPTIMIZATION_LEVEL = "-Onone";
			};
			name = Debug;
		};
		859E65452094B398005591EF /* Release */ = {
			isa = XCBuildConfiguration;
			buildSettings = {
				ALWAYS_SEARCH_USER_PATHS = NO;
				CLANG_ANALYZER_NONNULL = YES;
				CLANG_ANALYZER_NUMBER_OBJECT_CONVERSION = YES_AGGRESSIVE;
				CLANG_CXX_LANGUAGE_STANDARD = "gnu++14";
				CLANG_CXX_LIBRARY = "libc++";
				CLANG_ENABLE_MODULES = YES;
				CLANG_ENABLE_OBJC_ARC = YES;
				CLANG_ENABLE_OBJC_WEAK = YES;
				CLANG_WARN_BLOCK_CAPTURE_AUTORELEASING = YES;
				CLANG_WARN_BOOL_CONVERSION = YES;
				CLANG_WARN_COMMA = YES;
				CLANG_WARN_CONSTANT_CONVERSION = YES;
				CLANG_WARN_DEPRECATED_OBJC_IMPLEMENTATIONS = YES;
				CLANG_WARN_DIRECT_OBJC_ISA_USAGE = YES_ERROR;
				CLANG_WARN_DOCUMENTATION_COMMENTS = YES;
				CLANG_WARN_EMPTY_BODY = YES;
				CLANG_WARN_ENUM_CONVERSION = YES;
				CLANG_WARN_INFINITE_RECURSION = YES;
				CLANG_WARN_INT_CONVERSION = YES;
				CLANG_WARN_NON_LITERAL_NULL_CONVERSION = YES;
				CLANG_WARN_OBJC_IMPLICIT_RETAIN_SELF = YES;
				CLANG_WARN_OBJC_LITERAL_CONVERSION = YES;
				CLANG_WARN_OBJC_ROOT_CLASS = YES_ERROR;
				CLANG_WARN_RANGE_LOOP_ANALYSIS = YES;
				CLANG_WARN_STRICT_PROTOTYPES = YES;
				CLANG_WARN_SUSPICIOUS_MOVE = YES;
				CLANG_WARN_UNGUARDED_AVAILABILITY = YES_AGGRESSIVE;
				CLANG_WARN_UNREACHABLE_CODE = YES;
				CLANG_WARN__DUPLICATE_METHOD_MATCH = YES;
				CODE_SIGN_IDENTITY = "iPhone Developer";
				COPY_PHASE_STRIP = NO;
				DEBUG_INFORMATION_FORMAT = "dwarf-with-dsym";
				ENABLE_NS_ASSERTIONS = NO;
				ENABLE_STRICT_OBJC_MSGSEND = YES;
				GCC_C_LANGUAGE_STANDARD = gnu11;
				GCC_NO_COMMON_BLOCKS = YES;
				GCC_WARN_64_TO_32_BIT_CONVERSION = YES;
				GCC_WARN_ABOUT_RETURN_TYPE = YES_ERROR;
				GCC_WARN_UNDECLARED_SELECTOR = YES;
				GCC_WARN_UNINITIALIZED_AUTOS = YES_AGGRESSIVE;
				GCC_WARN_UNUSED_FUNCTION = YES;
				GCC_WARN_UNUSED_VARIABLE = YES;
				IPHONEOS_DEPLOYMENT_TARGET = 11.0;
				MTL_ENABLE_DEBUG_INFO = NO;
				SDKROOT = iphoneos;
				SWIFT_COMPILATION_MODE = wholemodule;
				SWIFT_OPTIMIZATION_LEVEL = "-O";
				VALIDATE_PRODUCT = YES;
			};
			name = Release;
		};
		859E65472094B398005591EF /* Debug */ = {
			isa = XCBuildConfiguration;
			baseConfigurationReference = EC3E554756684AC0E433D1C4 /* Pods-testPageViewController.debug.xcconfig */;
			buildSettings = {
				ASSETCATALOG_COMPILER_APPICON_NAME = AppIcon;
				CODE_SIGN_STYLE = Automatic;
				FRAMEWORK_SEARCH_PATHS = (
					"$(inherited)",
					"$(PROJECT_DIR)/Carthage/Build/iOS",
				);
				INFOPLIST_FILE = Soucese/testPageViewController/Info.plist;
				LD_RUNPATH_SEARCH_PATHS = (
					"$(inherited)",
					"@executable_path/Frameworks",
				);
				PRODUCT_BUNDLE_IDENTIFIER = me.syouit.testPageViewController;
				PRODUCT_NAME = "$(TARGET_NAME)";
				SWIFT_VERSION = 4.0;
				TARGETED_DEVICE_FAMILY = "1,2";
			};
			name = Debug;
		};
		859E65482094B398005591EF /* Release */ = {
			isa = XCBuildConfiguration;
			baseConfigurationReference = B7FC1B4036A4758F4AE0C5A7 /* Pods-testPageViewController.release.xcconfig */;
			buildSettings = {
				ASSETCATALOG_COMPILER_APPICON_NAME = AppIcon;
				CODE_SIGN_STYLE = Automatic;
				FRAMEWORK_SEARCH_PATHS = (
					"$(inherited)",
					"$(PROJECT_DIR)/Carthage/Build/iOS",
				);
				INFOPLIST_FILE = Soucese/testPageViewController/Info.plist;
				LD_RUNPATH_SEARCH_PATHS = (
					"$(inherited)",
					"@executable_path/Frameworks",
				);
				PRODUCT_BUNDLE_IDENTIFIER = me.syouit.testPageViewController;
				PRODUCT_NAME = "$(TARGET_NAME)";
				SWIFT_VERSION = 4.0;
				TARGETED_DEVICE_FAMILY = "1,2";
			};
			name = Release;
		};
/* End XCBuildConfiguration section */

/* Begin XCConfigurationList section */
		859E652F2094B395005591EF /* Build configuration list for PBXProject "testPageViewController" */ = {
			isa = XCConfigurationList;
			buildConfigurations = (
				859E65442094B398005591EF /* Debug */,
				859E65452094B398005591EF /* Release */,
			);
			defaultConfigurationIsVisible = 0;
			defaultConfigurationName = Release;
		};
		859E65462094B398005591EF /* Build configuration list for PBXNativeTarget "testPageViewController" */ = {
			isa = XCConfigurationList;
			buildConfigurations = (
				859E65472094B398005591EF /* Debug */,
				859E65482094B398005591EF /* Release */,
			);
			defaultConfigurationIsVisible = 0;
			defaultConfigurationName = Release;
		};
/* End XCConfigurationList section */
	};
	rootObject = 859E652C2094B395005591EF /* Project object */;
}
